
Microsoft Visual Studio Solution File, Format Version 12.00
# Visual Studio 2013
VisualStudioVersion = 12.0.31101.0
MinimumVisualStudioVersion = 10.0.40219.1
Project("{FAE04EC0-301F-11D3-BF4B-00C04F79EFBC}") = "EhimeFreeWiFi", "EhimeFreeWiFi\EhimeFreeWiFi.csproj", "{039A16B2-9C5B-4B1B-AD4A-BB5E85556EA4}"
EndProject
Project("{FAE04EC0-301F-11D3-BF4B-00C04F79EFBC}") = "EhimeFreeWiFi.Tests", "EhimeFreeWiFi.Tests\EhimeFreeWiFi.Tests.csproj", "{34C79E1C-59A1-4E51-97D5-A9713774987E}"
EndProject
Global
	GlobalSection(SolutionConfigurationPlatforms) = preSolution
		Debug|Any CPU = Debug|Any CPU
		Release|Any CPU = Release|Any CPU
	EndGlobalSection
	GlobalSection(ProjectConfigurationPlatforms) = postSolution
		{039A16B2-9C5B-4B1B-AD4A-BB5E85556EA4}.Debug|Any CPU.ActiveCfg = Debug|Any CPU
		{039A16B2-9C5B-4B1B-AD4A-BB5E85556EA4}.Debug|Any CPU.Build.0 = Debug|Any CPU
		{039A16B2-9C5B-4B1B-AD4A-BB5E85556EA4}.Release|Any CPU.ActiveCfg = Release|Any CPU
		{039A16B2-9C5B-4B1B-AD4A-BB5E85556EA4}.Release|Any CPU.Build.0 = Release|Any CPU
		{34C79E1C-59A1-4E51-97D5-A9713774987E}.Debug|Any CPU.ActiveCfg = Debug|Any CPU
		{34C79E1C-59A1-4E51-97D5-A9713774987E}.Debug|Any CPU.Build.0 = Debug|Any CPU
		{34C79E1C-59A1-4E51-97D5-A9713774987E}.Release|Any CPU.ActiveCfg = Release|Any CPU
		{34C79E1C-59A1-4E51-97D5-A9713774987E}.Release|Any CPU.Build.0 = Release|Any CPU
	EndGlobalSection
	GlobalSection(SolutionProperties) = preSolution
		HideSolutionNode = FALSE
	EndGlobalSection
EndGlobal
